
Microsoft Visual Studio Solution File, Format Version 12.00
# Visual Studio Version 17
VisualStudioVersion = 17.0.31612.314
MinimumVisualStudioVersion = 10.0.40219.1
Project("{9A19103F-16F7-4668-BE54-9A1E7A4F7556}") = "IllusionCards", "IllusionCards\IllusionCards.csproj", "{353CA4AF-CA73-4EA7-AF48-1F3E337DCD4E}"
EndProject
Project("{9A19103F-16F7-4668-BE54-9A1E7A4F7556}") = "CardManagerCLI", "CardManagerCLI\CardManagerCLI.csproj", "{B6DF555C-B531-4AF9-BF5A-54F8247C420D}"
EndProject
Project("{2150E333-8FDC-42A3-9474-1A3956D46DE8}") = "Solution Items", "Solution Items", "{1FA73F9A-2D42-4630-968F-E29A7E690AEF}"
	ProjectSection(SolutionItems) = preProject
		.editorconfig = .editorconfig
	EndProjectSection
EndProject
Global
	GlobalSection(SolutionConfigurationPlatforms) = preSolution
		Debug|Any CPU = Debug|Any CPU
		Debug|x64 = Debug|x64
		Debug|x86 = Debug|x86
		Release|Any CPU = Release|Any CPU
		Release|x64 = Release|x64
		Release|x86 = Release|x86
	EndGlobalSection
	GlobalSection(ProjectConfigurationPlatforms) = postSolution
		{353CA4AF-CA73-4EA7-AF48-1F3E337DCD4E}.Debug|Any CPU.ActiveCfg = Debug|x64
		{353CA4AF-CA73-4EA7-AF48-1F3E337DCD4E}.Debug|x64.ActiveCfg = Debug|x64
		{353CA4AF-CA73-4EA7-AF48-1F3E337DCD4E}.Debug|x64.Build.0 = Debug|x64
		{353CA4AF-CA73-4EA7-AF48-1F3E337DCD4E}.Debug|x86.ActiveCfg = Debug|x64
		{353CA4AF-CA73-4EA7-AF48-1F3E337DCD4E}.Release|Any CPU.ActiveCfg = Release|x64
		{353CA4AF-CA73-4EA7-AF48-1F3E337DCD4E}.Release|x64.ActiveCfg = Release|x64
		{353CA4AF-CA73-4EA7-AF48-1F3E337DCD4E}.Release|x64.Build.0 = Release|x64
		{353CA4AF-CA73-4EA7-AF48-1F3E337DCD4E}.Release|x86.ActiveCfg = Release|x64
		{B6DF555C-B531-4AF9-BF5A-54F8247C420D}.Debug|Any CPU.ActiveCfg = Debug|x64
		{B6DF555C-B531-4AF9-BF5A-54F8247C420D}.Debug|x64.ActiveCfg = Debug|x64
		{B6DF555C-B531-4AF9-BF5A-54F8247C420D}.Debug|x64.Build.0 = Debug|x64
		{B6DF555C-B531-4AF9-BF5A-54F8247C420D}.Debug|x86.ActiveCfg = Debug|x64
		{B6DF555C-B531-4AF9-BF5A-54F8247C420D}.Release|Any CPU.ActiveCfg = Release|x64
		{B6DF555C-B531-4AF9-BF5A-54F8247C420D}.Release|x64.ActiveCfg = Release|x64
		{B6DF555C-B531-4AF9-BF5A-54F8247C420D}.Release|x64.Build.0 = Release|x64
		{B6DF555C-B531-4AF9-BF5A-54F8247C420D}.Release|x86.ActiveCfg = Release|x64
	EndGlobalSection
	GlobalSection(SolutionProperties) = preSolution
		HideSolutionNode = FALSE
	EndGlobalSection
	GlobalSection(ExtensibilityGlobals) = postSolution
		SolutionGuid = {1B3EEB8D-A1C0-4563-8E09-9260293DD189}
	EndGlobalSection
EndGlobal
