
Microsoft Visual Studio Solution File, Format Version 12.00
# Visual Studio Version 17
VisualStudioVersion = 17.0.31612.314
MinimumVisualStudioVersion = 10.0.40219.1
Project("{9A19103F-16F7-4668-BE54-9A1E7A4F7556}") = "LibMai.Cards", "LibMai.Cards\LibMai.Cards.csproj", "{353CA4AF-CA73-4EA7-AF48-1F3E337DCD4E}"
EndProject
Project("{9A19103F-16F7-4668-BE54-9A1E7A4F7556}") = "CardScannerDemo", "CardManagerCLI\CardScannerDemo.csproj", "{B6DF555C-B531-4AF9-BF5A-54F8247C420D}"
EndProject
Project("{2150E333-8FDC-42A3-9474-1A3956D46DE8}") = "Solution Items", "Solution Items", "{1FA73F9A-2D42-4630-968F-E29A7E690AEF}"
	ProjectSection(SolutionItems) = preProject
		.editorconfig = .editorconfig
		LICENSE.txt = LICENSE.txt
	EndProjectSection
EndProject
Project("{9A19103F-16F7-4668-BE54-9A1E7A4F7556}") = "LibMai.SideloaderMods", "LibMai.SideloaderMods\LibMai.SideloaderMods.csproj", "{AF684E74-5C96-436F-B26E-9AAE4F5D5C68}"
EndProject
Project("{FAE04EC0-301F-11D3-BF4B-00C04F79EFBC}") = "MaiGUI", "MaiGUI\MaiGUI.csproj", "{C8CA0CFE-ABB7-4F6A-8373-E6DB63B01A73}"
EndProject
Project("{FAE04EC0-301F-11D3-BF4B-00C04F79EFBC}") = "MaiDevSandbox", "MaiDevSandbox\MaiDevSandbox.csproj", "{A8FA9BDD-32E5-44AB-A505-4B371543C2A1}"
EndProject
Global
	GlobalSection(SolutionConfigurationPlatforms) = preSolution
		Debug|x64 = Debug|x64
		Release|x64 = Release|x64
	EndGlobalSection
	GlobalSection(ProjectConfigurationPlatforms) = postSolution
		{353CA4AF-CA73-4EA7-AF48-1F3E337DCD4E}.Debug|x64.ActiveCfg = Debug|x64
		{353CA4AF-CA73-4EA7-AF48-1F3E337DCD4E}.Debug|x64.Build.0 = Debug|x64
		{353CA4AF-CA73-4EA7-AF48-1F3E337DCD4E}.Release|x64.ActiveCfg = Release|x64
		{353CA4AF-CA73-4EA7-AF48-1F3E337DCD4E}.Release|x64.Build.0 = Release|x64
		{B6DF555C-B531-4AF9-BF5A-54F8247C420D}.Debug|x64.ActiveCfg = Debug|x64
		{B6DF555C-B531-4AF9-BF5A-54F8247C420D}.Debug|x64.Build.0 = Debug|x64
		{B6DF555C-B531-4AF9-BF5A-54F8247C420D}.Release|x64.ActiveCfg = Release|x64
		{B6DF555C-B531-4AF9-BF5A-54F8247C420D}.Release|x64.Build.0 = Release|x64
		{AF684E74-5C96-436F-B26E-9AAE4F5D5C68}.Debug|x64.ActiveCfg = Debug|x64
		{AF684E74-5C96-436F-B26E-9AAE4F5D5C68}.Debug|x64.Build.0 = Debug|x64
		{AF684E74-5C96-436F-B26E-9AAE4F5D5C68}.Release|x64.ActiveCfg = Release|x64
		{AF684E74-5C96-436F-B26E-9AAE4F5D5C68}.Release|x64.Build.0 = Release|x64
		{C8CA0CFE-ABB7-4F6A-8373-E6DB63B01A73}.Debug|x64.ActiveCfg = Debug|x64
		{C8CA0CFE-ABB7-4F6A-8373-E6DB63B01A73}.Debug|x64.Build.0 = Debug|x64
		{C8CA0CFE-ABB7-4F6A-8373-E6DB63B01A73}.Debug|x64.Deploy.0 = Debug|x64
		{C8CA0CFE-ABB7-4F6A-8373-E6DB63B01A73}.Release|x64.ActiveCfg = Release|x64
		{C8CA0CFE-ABB7-4F6A-8373-E6DB63B01A73}.Release|x64.Build.0 = Release|x64
		{C8CA0CFE-ABB7-4F6A-8373-E6DB63B01A73}.Release|x64.Deploy.0 = Release|x64
		{A8FA9BDD-32E5-44AB-A505-4B371543C2A1}.Release|x64.ActiveCfg = Release|x64
		{A8FA9BDD-32E5-44AB-A505-4B371543C2A1}.Release|x64.Build.0 = Release|x64
		{A8FA9BDD-32E5-44AB-A505-4B371543C2A1}.Debug|x64.ActiveCfg = Debug|x64
		{A8FA9BDD-32E5-44AB-A505-4B371543C2A1}.Debug|x64.Build.0 = Debug|x64
	EndGlobalSection
	GlobalSection(SolutionProperties) = preSolution
		HideSolutionNode = FALSE
	EndGlobalSection
	GlobalSection(ExtensibilityGlobals) = postSolution
		SolutionGuid = {1B3EEB8D-A1C0-4563-8E09-9260293DD189}
	EndGlobalSection
EndGlobal
